
Microsoft Visual Studio Solution File, Format Version 12.00
# Visual Studio 15
VisualStudioVersion = 15.0.27428.2037
MinimumVisualStudioVersion = 10.0.40219.1
Project("{FAE04EC0-301F-11D3-BF4B-00C04F79EFBC}") = "LaunchPanel", "LaunchPanel.csproj", "{F69D3730-A2DA-448B-BA79-9C19FD709BD4}"
EndProject
Global
	GlobalSection(SolutionConfigurationPlatforms) = preSolution
		Debug|Any CPU = Debug|Any CPU
		Release|Any CPU = Release|Any CPU
	EndGlobalSection
	GlobalSection(ProjectConfigurationPlatforms) = postSolution
		{F69D3730-A2DA-448B-BA79-9C19FD709BD4}.Debug|Any CPU.ActiveCfg = Debug|Any CPU
		{F69D3730-A2DA-448B-BA79-9C19FD709BD4}.Debug|Any CPU.Build.0 = Debug|Any CPU
		{F69D3730-A2DA-448B-BA79-9C19FD709BD4}.Release|Any CPU.ActiveCfg = Release|Any CPU
		{F69D3730-A2DA-448B-BA79-9C19FD709BD4}.Release|Any CPU.Build.0 = Release|Any CPU
	EndGlobalSection
	GlobalSection(SolutionProperties) = preSolution
		HideSolutionNode = FALSE
	EndGlobalSection
	GlobalSection(ExtensibilityGlobals) = postSolution
		SolutionGuid = {982148E6-410E-4A34-B048-8BC6B8E1E263}
	EndGlobalSection
EndGlobal
